<?xml version="1.0" encoding="utf-8"?>
<Project ToolsVersion="4.0" xmlns="http://schemas.microsoft.com/developer/msbuild/2003">
  <ItemGroup>
    <Filter Include="Source files">
      <UniqueIdentifier>{e845d65b-0e4c-47fa-be23-bdf440bcf3dd}</UniqueIdentifier>
      <Extensions>cpp;c;cc;cxx;def;odl;idl;hpj;bat;asm;asmx</Extensions>
    </Filter>
    <Filter Include="Header files">
      <UniqueIdentifier>{141f2c26-1979-4124-a414-f3339ae5b7bc}</UniqueIdentifier>
      <Extensions>h;hpp;hxx;hm;inl;inc;xsd</Extensions>
    </Filter>
    <Filter Include="Resource files">
      <UniqueIdentifier>{5d830539-4ccb-4f68-8162-b5c2a588fb20}</UniqueIdentifier>
      <Extensions>rc;ico;cur;bmp;dlg;rc2;rct;bin;rgs;gif;jpg;jpeg;jpe;resx;tiff;tif;png;wav</Extensions>
    </Filter>
    <Filter Include="QMake Project files">
      <UniqueIdentifier>{5c1e889c-e823-476d-9a54-6f55099bcd26}</UniqueIdentifier>
      <Extensions>pro</Extensions>
    </Filter>
    <Filter Include="VisualGDB settings">
      <UniqueIdentifier>{d15c66ff-67f1-43ec-9a0d-cd4a71ec1308}</UniqueIdentifier>
      <Extensions>*.vgdbsettings</Extensions>
    </Filter>
  </ItemGroup>
  <ItemGroup>
    <None Include="QtOpenCVGPUTest.pro" />
    <None Include="debug.pro">
      <Filter>QMake Project files</Filter>
    </None>
    <None Include="QtOpenCVGPUTest-Debug.vgdbsettings">
      <Filter>VisualGDB settings</Filter>
    </None>
    <None Include="release.pro">
      <Filter>QMake Project files</Filter>
    </None>
    <None Include="QtOpenCVGPUTest-Release.vgdbsettings">
      <Filter>VisualGDB settings</Filter>
    </None>
    <None Include="blurfragshader.glsl" />
    <None Include="dilatefragshader.glsl" />
    <None Include="erodefragshader.glsl" />
    <None Include="medianfragshader.glsl" />
    <None Include="multfragshader.glsl" />
    <None Include="simplefragshader.glsl" />
    <None Include="simplevertshader.glsl" />
    <None Include="sobelfragshader.glsl" />
    <None Include="threshfragshader.glsl" />
    <None Include="yuvfragshader.glsl" />
  </ItemGroup>
  <ItemGroup>
    <ClCompile Include="camera.cpp">
      <Filter>Source files</Filter>
    </ClCompile>
    <ClCompile Include="cameracontrol.cpp">
      <Filter>Source files</Filter>
    </ClCompile>
    <ClCompile Include="graphics.cpp">
      <Filter>Source files</Filter>
    </ClCompile>
    <ClCompile Include="lodepng.cpp">
      <Filter>Source files</Filter>
    </ClCompile>
    <ClCompile Include="picam.cpp">
      <Filter>Source files</Filter>
    </ClCompile>
  </ItemGroup>
  <ItemGroup>
    <ClInclude Include="camera.h">
      <Filter>Header files</Filter>
    </ClInclude>
    <ClInclude Include="cameracontrol.h">
      <Filter>Header files</Filter>
    </ClInclude>
    <ClInclude Include="graphics.h">
      <Filter>Header files</Filter>
    </ClInclude>
    <ClInclude Include="lodepng.h">
      <Filter>Header files</Filter>
    </ClInclude>
    <ClInclude Include="mmalincludes.h">
      <Filter>Header files</Filter>
    </ClInclude>
  </ItemGroup>
</Project>