<?xml version="1.0" encoding="utf-8"?>
<Project ToolsVersion="4.0" xmlns="http://schemas.microsoft.com/developer/msbuild/2003">
  <ItemGroup>
    <Filter Include="Source files">
      <UniqueIdentifier>{0641de2d-ff88-4c53-8ff1-5afb38064dca}</UniqueIdentifier>
      <Extensions>cpp;c;cc;cxx;def;odl;idl;hpj;bat;asm;asmx</Extensions>
    </Filter>
    <Filter Include="Header files">
      <UniqueIdentifier>{f140b435-6f5c-4dba-b9f7-6700e08c056f}</UniqueIdentifier>
      <Extensions>h;hpp;hxx;hm;inl;inc;xsd</Extensions>
    </Filter>
    <Filter Include="Resource files">
      <UniqueIdentifier>{39ac21e5-51aa-4d25-92d0-97409820c836}</UniqueIdentifier>
      <Extensions>rc;ico;cur;bmp;dlg;rc2;rct;bin;rgs;gif;jpg;jpeg;jpe;resx;tiff;tif;png;wav</Extensions>
    </Filter>
    <Filter Include="CMake files">
      <UniqueIdentifier>{949613f6-25b1-4160-92e9-811e02dc873d}</UniqueIdentifier>
    </Filter>
    <Filter Include="VisualGDB settings">
      <UniqueIdentifier>{e726cdf2-6d5a-4c1e-9965-02644c19b4bc}</UniqueIdentifier>
      <Extensions>*.vgdbsettings</Extensions>
    </Filter>
  </ItemGroup>
  <ItemGroup>
    <None Include="toolchain-Debug.cmake">
      <Filter>CMake files</Filter>
    </None>
    <None Include="OpenCVPerformanceTest-Debug.vgdbsettings">
      <Filter>VisualGDB settings</Filter>
    </None>
    <None Include="toolchain-Release.cmake">
      <Filter>CMake files</Filter>
    </None>
    <None Include="OpenCVPerformanceTest-Release.vgdbsettings">
      <Filter>VisualGDB settings</Filter>
    </None>
  </ItemGroup>
  <ItemGroup>
    <ClCompile Include="camera.cpp">
      <Filter>Source files</Filter>
    </ClCompile>
    <ClCompile Include="cameracontrol.cpp">
      <Filter>Source files</Filter>
    </ClCompile>
    <ClCompile Include="graphics.cpp">
      <Filter>Source files</Filter>
    </ClCompile>
    <ClCompile Include="main.cpp">
      <Filter>Source files</Filter>
    </ClCompile>
  </ItemGroup>
  <ItemGroup>
    <ClInclude Include="camera.h">
      <Filter>Header files</Filter>
    </ClInclude>
    <ClInclude Include="cameracontrol.h">
      <Filter>Header files</Filter>
    </ClInclude>
    <ClInclude Include="graphics.h">
      <Filter>Header files</Filter>
    </ClInclude>
    <ClInclude Include="mmalincludes.h">
      <Filter>Header files</Filter>
    </ClInclude>
  </ItemGroup>
  <ItemGroup>
    <Text Include="CMakeLists.txt" />
  </ItemGroup>
</Project>