<?xml version="1.0" encoding="utf-8"?>
<Project ToolsVersion="4.0" xmlns="http://schemas.microsoft.com/developer/msbuild/2003">
  <ItemGroup>
    <Filter Include="Source files">
      <UniqueIdentifier>{b81d0d43-f95d-480d-8b50-c316bf50414c}</UniqueIdentifier>
      <Extensions>cpp;c;cc;cxx;def;odl;idl;hpj;bat;asm;asmx</Extensions>
    </Filter>
    <Filter Include="Header files">
      <UniqueIdentifier>{7e22a09a-415c-469d-9eeb-878d11001e12}</UniqueIdentifier>
      <Extensions>h;hpp;hxx;hm;inl;inc;xsd</Extensions>
    </Filter>
    <Filter Include="Resource files">
      <UniqueIdentifier>{a7902fa4-8bca-47db-a1cd-4c55b3d975d2}</UniqueIdentifier>
      <Extensions>rc;ico;cur;bmp;dlg;rc2;rct;bin;rgs;gif;jpg;jpeg;jpe;resx;tiff;tif;png;wav</Extensions>
    </Filter>
    <Filter Include="QMake Project files">
      <UniqueIdentifier>{b91ccb1a-eae0-45ce-8b12-8a708c14f723}</UniqueIdentifier>
      <Extensions>pro</Extensions>
    </Filter>
    <Filter Include="VisualGDB settings">
      <UniqueIdentifier>{d5d1e951-71d2-4812-acb6-049463226a76}</UniqueIdentifier>
      <Extensions>*.vgdbsettings</Extensions>
    </Filter>
  </ItemGroup>
  <ItemGroup>
    <ClCompile Include="camera.cpp">
      <Filter>Source files</Filter>
    </ClCompile>
    <ClCompile Include="cameracontrol.cpp">
      <Filter>Source files</Filter>
    </ClCompile>
    <ClCompile Include="graphics.cpp">
      <Filter>Source files</Filter>
    </ClCompile>
    <ClCompile Include="main.cpp">
      <Filter>Source files</Filter>
    </ClCompile>
  </ItemGroup>
  <ItemGroup>
    <None Include="QtOpenCVCameraTest.pro" />
    <None Include="debug.pro">
      <Filter>QMake Project files</Filter>
    </None>
    <None Include="QtOpenCVCameraTest-Debug.vgdbsettings">
      <Filter>VisualGDB settings</Filter>
    </None>
    <None Include="release.pro">
      <Filter>QMake Project files</Filter>
    </None>
    <None Include="QtOpenCVCameraTest-Release.vgdbsettings">
      <Filter>VisualGDB settings</Filter>
    </None>
  </ItemGroup>
  <ItemGroup>
    <ClInclude Include="camera.h">
      <Filter>Header files</Filter>
    </ClInclude>
    <ClInclude Include="cameracontrol.h">
      <Filter>Header files</Filter>
    </ClInclude>
    <ClInclude Include="graphics.h">
      <Filter>Header files</Filter>
    </ClInclude>
    <ClInclude Include="mmalincludes.h">
      <Filter>Header files</Filter>
    </ClInclude>
  </ItemGroup>
</Project>