<?xml version="1.0" encoding="utf-8"?>
<Project ToolsVersion="4.0" xmlns="http://schemas.microsoft.com/developer/msbuild/2003">
  <ItemGroup>
    <Filter Include="Source files">
      <UniqueIdentifier>{1840a420-3fec-4328-a57e-f7df52f31eee}</UniqueIdentifier>
      <Extensions>cpp;c;cc;cxx;def;odl;idl;hpj;bat;asm;asmx</Extensions>
    </Filter>
    <Filter Include="Header files">
      <UniqueIdentifier>{cbfa5f27-1f9a-4086-a380-a85fdec4cbb4}</UniqueIdentifier>
      <Extensions>h;hpp;hxx;hm;inl;inc;xsd</Extensions>
    </Filter>
    <Filter Include="Resource files">
      <UniqueIdentifier>{b0a77172-06f9-4c5b-9662-f86c59e05fe5}</UniqueIdentifier>
      <Extensions>rc;ico;cur;bmp;dlg;rc2;rct;bin;rgs;gif;jpg;jpeg;jpe;resx;tiff;tif;png;wav</Extensions>
    </Filter>
    <Filter Include="QMake Project files">
      <UniqueIdentifier>{728efa49-5849-4535-be9b-fc0b230dc259}</UniqueIdentifier>
      <Extensions>pro</Extensions>
    </Filter>
    <Filter Include="VisualGDB settings">
      <UniqueIdentifier>{fc1479b7-ed76-45b0-9ec4-46354906b728}</UniqueIdentifier>
      <Extensions>*.vgdbsettings</Extensions>
    </Filter>
  </ItemGroup>
  <ItemGroup>
    <None Include="QtOpenCVWindowTest2.pro" />
    <None Include="debug.pro">
      <Filter>QMake Project files</Filter>
    </None>
    <None Include="QtOpenCVWindowTest2-Debug.vgdbsettings">
      <Filter>VisualGDB settings</Filter>
    </None>
    <None Include="release.pro">
      <Filter>QMake Project files</Filter>
    </None>
    <None Include="QtOpenCVWindowTest2-Release.vgdbsettings">
      <Filter>VisualGDB settings</Filter>
    </None>
    <None Include="frmtracker.ui" />
    <None Include="vc100.pdb" />
  </ItemGroup>
  <ItemGroup>
    <ClCompile Include="frmtracker.cpp">
      <Filter>Source files</Filter>
    </ClCompile>
    <ClCompile Include="main.cpp">
      <Filter>Source files</Filter>
    </ClCompile>
  </ItemGroup>
  <ItemGroup>
    <ClInclude Include="frmtracker.h">
      <Filter>Header files</Filter>
    </ClInclude>
    <ClInclude Include="ui_frmtracker.h">
      <Filter>Header files</Filter>
    </ClInclude>
  </ItemGroup>
</Project>